
Microsoft Visual Studio Solution File, Format Version 12.00
# Visual Studio Version 16
VisualStudioVersion = 25.0.1706.3
MinimumVisualStudioVersion = 10.0.40219.1
Project("{FAE04EC0-301F-11D3-BF4B-00C04F79EFBC}") = "FizzBuzz", "FizzBuzz\FizzBuzz.csproj", "{229E686C-93C9-4FDB-BAD2-44D15BEA83EF}"
EndProject
Global
	GlobalSection(SolutionConfigurationPlatforms) = preSolution
		Debug|Any CPU = Debug|Any CPU
		Release|Any CPU = Release|Any CPU
	EndGlobalSection
	GlobalSection(ProjectConfigurationPlatforms) = postSolution
		{229E686C-93C9-4FDB-BAD2-44D15BEA83EF}.Debug|Any CPU.ActiveCfg = Debug|Any CPU
		{229E686C-93C9-4FDB-BAD2-44D15BEA83EF}.Debug|Any CPU.Build.0 = Debug|Any CPU
		{229E686C-93C9-4FDB-BAD2-44D15BEA83EF}.Release|Any CPU.ActiveCfg = Release|Any CPU
		{229E686C-93C9-4FDB-BAD2-44D15BEA83EF}.Release|Any CPU.Build.0 = Release|Any CPU
	EndGlobalSection
	GlobalSection(SolutionProperties) = preSolution
		HideSolutionNode = FALSE
	EndGlobalSection
	GlobalSection(ExtensibilityGlobals) = postSolution
		SolutionGuid = {688FC096-7A5E-4FF7-8E4F-B4D8376C85F7}
	EndGlobalSection
EndGlobal
